// !$*UTF8*$!
{
	archiveVersion = 1;
	classes = {
	};
	objectVersion = 50;
	objects = {

/* Begin PBXBuildFile section */
		C11A612E246FD9AA005FAF94 /* AppDelegate.swift in Sources */ = {isa = PBXBuildFile; fileRef = C11A612D246FD9AA005FAF94 /* AppDelegate.swift */; };
		C11A6130246FD9AA005FAF94 /* SceneDelegate.swift in Sources */ = {isa = PBXBuildFile; fileRef = C11A612F246FD9AA005FAF94 /* SceneDelegate.swift */; };
		C11A6134246FD9AC005FAF94 /* Assets.xcassets in Resources */ = {isa = PBXBuildFile; fileRef = C11A6133246FD9AC005FAF94 /* Assets.xcassets */; };
		C11A6137246FD9AC005FAF94 /* Preview Assets.xcassets in Resources */ = {isa = PBXBuildFile; fileRef = C11A6136246FD9AC005FAF94 /* Preview Assets.xcassets */; };
		C11A613A246FD9AC005FAF94 /* LaunchScreen.storyboard in Resources */ = {isa = PBXBuildFile; fileRef = C11A6138246FD9AC005FAF94 /* LaunchScreen.storyboard */; };
		C11A6143246FEC65005FAF94 /* ComunicationService.swift in Sources */ = {isa = PBXBuildFile; fileRef = C11A6142246FEC65005FAF94 /* ComunicationService.swift */; };
		C11A6148246FF9D8005FAF94 /* MultipeerComunicationService.swift in Sources */ = {isa = PBXBuildFile; fileRef = C11A6147246FF9D8005FAF94 /* MultipeerComunicationService.swift */; };
		C11A614D2472A3D3005FAF94 /* MessageView.swift in Sources */ = {isa = PBXBuildFile; fileRef = C11A614C2472A3D3005FAF94 /* MessageView.swift */; };
		C11A61502472A439005FAF94 /* Message.swift in Sources */ = {isa = PBXBuildFile; fileRef = C11A614F2472A439005FAF94 /* Message.swift */; };
		C11A61522472A6D4005FAF94 /* ChatView.swift in Sources */ = {isa = PBXBuildFile; fileRef = C11A61512472A6D4005FAF94 /* ChatView.swift */; };
		C11A61562472A814005FAF94 /* ChatViewModel.swift in Sources */ = {isa = PBXBuildFile; fileRef = C11A61552472A814005FAF94 /* ChatViewModel.swift */; };
		C11A61592472B506005FAF94 /* View+Helpers.swift in Sources */ = {isa = PBXBuildFile; fileRef = C11A61582472B506005FAF94 /* View+Helpers.swift */; };
		C11A615B2475492D005FAF94 /* BLEPeripheralComunicationService.swift in Sources */ = {isa = PBXBuildFile; fileRef = C11A615A2475492D005FAF94 /* BLEPeripheralComunicationService.swift */; };
		C11A615F247550F6005FAF94 /* BLECentralComunicationService.swift in Sources */ = {isa = PBXBuildFile; fileRef = C11A615E247550F6005FAF94 /* BLECentralComunicationService.swift */; };
		C11A61622475615F005FAF94 /* ChatTypeView.swift in Sources */ = {isa = PBXBuildFile; fileRef = C11A61612475615F005FAF94 /* ChatTypeView.swift */; };
/* End PBXBuildFile section */

/* Begin PBXFileReference section */
		C11A612A246FD9AA005FAF94 /* BuddyChat.app */ = {isa = PBXFileReference; explicitFileType = wrapper.application; includeInIndex = 0; path = BuddyChat.app; sourceTree = BUILT_PRODUCTS_DIR; };
		C11A612D246FD9AA005FAF94 /* AppDelegate.swift */ = {isa = PBXFileReference; lastKnownFileType = sourcecode.swift; path = AppDelegate.swift; sourceTree = "<group>"; };
		C11A612F246FD9AA005FAF94 /* SceneDelegate.swift */ = {isa = PBXFileReference; lastKnownFileType = sourcecode.swift; path = SceneDelegate.swift; sourceTree = "<group>"; };
		C11A6133246FD9AC005FAF94 /* Assets.xcassets */ = {isa = PBXFileReference; lastKnownFileType = folder.assetcatalog; path = Assets.xcassets; sourceTree = "<group>"; };
		C11A6136246FD9AC005FAF94 /* Preview Assets.xcassets */ = {isa = PBXFileReference; lastKnownFileType = folder.assetcatalog; path = "Preview Assets.xcassets"; sourceTree = "<group>"; };
		C11A6139246FD9AC005FAF94 /* Base */ = {isa = PBXFileReference; lastKnownFileType = file.storyboard; name = Base; path = Base.lproj/LaunchScreen.storyboard; sourceTree = "<group>"; };
		C11A613B246FD9AC005FAF94 /* Info.plist */ = {isa = PBXFileReference; lastKnownFileType = text.plist.xml; path = Info.plist; sourceTree = "<group>"; };
		C11A6142246FEC65005FAF94 /* ComunicationService.swift */ = {isa = PBXFileReference; lastKnownFileType = sourcecode.swift; path = ComunicationService.swift; sourceTree = "<group>"; };
		C11A6147246FF9D8005FAF94 /* MultipeerComunicationService.swift */ = {isa = PBXFileReference; lastKnownFileType = sourcecode.swift; path = MultipeerComunicationService.swift; sourceTree = "<group>"; };
		C11A614C2472A3D3005FAF94 /* MessageView.swift */ = {isa = PBXFileReference; lastKnownFileType = sourcecode.swift; path = MessageView.swift; sourceTree = "<group>"; };
		C11A614F2472A439005FAF94 /* Message.swift */ = {isa = PBXFileReference; lastKnownFileType = sourcecode.swift; path = Message.swift; sourceTree = "<group>"; };
		C11A61512472A6D4005FAF94 /* ChatView.swift */ = {isa = PBXFileReference; lastKnownFileType = sourcecode.swift; path = ChatView.swift; sourceTree = "<group>"; };
		C11A61552472A814005FAF94 /* ChatViewModel.swift */ = {isa = PBXFileReference; lastKnownFileType = sourcecode.swift; path = ChatViewModel.swift; sourceTree = "<group>"; };
		C11A61582472B506005FAF94 /* View+Helpers.swift */ = {isa = PBXFileReference; lastKnownFileType = sourcecode.swift; path = "View+Helpers.swift"; sourceTree = "<group>"; };
		C11A615A2475492D005FAF94 /* BLEPeripheralComunicationService.swift */ = {isa = PBXFileReference; lastKnownFileType = sourcecode.swift; path = BLEPeripheralComunicationService.swift; sourceTree = "<group>"; };
		C11A615E247550F6005FAF94 /* BLECentralComunicationService.swift */ = {isa = PBXFileReference; lastKnownFileType = sourcecode.swift; path = BLECentralComunicationService.swift; sourceTree = "<group>"; };
		C11A61612475615F005FAF94 /* ChatTypeView.swift */ = {isa = PBXFileReference; lastKnownFileType = sourcecode.swift; path = ChatTypeView.swift; sourceTree = "<group>"; };
/* End PBXFileReference section */

/* Begin PBXFrameworksBuildPhase section */
		C11A6127246FD9AA005FAF94 /* Frameworks */ = {
			isa = PBXFrameworksBuildPhase;
			buildActionMask = 2147483647;
			files = (
			);
			runOnlyForDeploymentPostprocessing = 0;
		};
/* End PBXFrameworksBuildPhase section */

/* Begin PBXGroup section */
		C11A6121246FD9AA005FAF94 = {
			isa = PBXGroup;
			children = (
				C11A612C246FD9AA005FAF94 /* BuddyChat */,
				C11A612B246FD9AA005FAF94 /* Products */,
			);
			sourceTree = "<group>";
		};
		C11A612B246FD9AA005FAF94 /* Products */ = {
			isa = PBXGroup;
			children = (
				C11A612A246FD9AA005FAF94 /* BuddyChat.app */,
			);
			name = Products;
			sourceTree = "<group>";
		};
		C11A612C246FD9AA005FAF94 /* BuddyChat */ = {
			isa = PBXGroup;
			children = (
				C11A61572472B4F7005FAF94 /* Extensions */,
				C11A614E2472A429005FAF94 /* Models */,
				C11A61492472A2EF005FAF94 /* Scenes */,
				C11A6141246FE178005FAF94 /* Services */,
				C11A612D246FD9AA005FAF94 /* AppDelegate.swift */,
				C11A612F246FD9AA005FAF94 /* SceneDelegate.swift */,
				C11A6133246FD9AC005FAF94 /* Assets.xcassets */,
				C11A6138246FD9AC005FAF94 /* LaunchScreen.storyboard */,
				C11A613B246FD9AC005FAF94 /* Info.plist */,
				C11A6135246FD9AC005FAF94 /* Preview Content */,
			);
			path = BuddyChat;
			sourceTree = "<group>";
		};
		C11A6135246FD9AC005FAF94 /* Preview Content */ = {
			isa = PBXGroup;
			children = (
				C11A6136246FD9AC005FAF94 /* Preview Assets.xcassets */,
			);
			path = "Preview Content";
			sourceTree = "<group>";
		};
		C11A6141246FE178005FAF94 /* Services */ = {
			isa = PBXGroup;
			children = (
				C11A6142246FEC65005FAF94 /* ComunicationService.swift */,
				C11A6147246FF9D8005FAF94 /* MultipeerComunicationService.swift */,
				C11A615A2475492D005FAF94 /* BLEPeripheralComunicationService.swift */,
				C11A615E247550F6005FAF94 /* BLECentralComunicationService.swift */,
			);
			path = Services;
			sourceTree = "<group>";
		};
		C11A61492472A2EF005FAF94 /* Scenes */ = {
			isa = PBXGroup;
			children = (
				C11A616024756135005FAF94 /* TypeSelect */,
				C11A614A2472A2F6005FAF94 /* Chat */,
			);
			path = Scenes;
			sourceTree = "<group>";
		};
		C11A614A2472A2F6005FAF94 /* Chat */ = {
			isa = PBXGroup;
			children = (
				C11A61542472A800005FAF94 /* Views */,
				C11A61532472A7F1005FAF94 /* ViewModels */,
			);
			path = Chat;
			sourceTree = "<group>";
		};
		C11A614E2472A429005FAF94 /* Models */ = {
			isa = PBXGroup;
			children = (
				C11A614F2472A439005FAF94 /* Message.swift */,
			);
			path = Models;
			sourceTree = "<group>";
		};
		C11A61532472A7F1005FAF94 /* ViewModels */ = {
			isa = PBXGroup;
			children = (
				C11A61552472A814005FAF94 /* ChatViewModel.swift */,
			);
			path = ViewModels;
			sourceTree = "<group>";
		};
		C11A61542472A800005FAF94 /* Views */ = {
			isa = PBXGroup;
			children = (
				C11A614C2472A3D3005FAF94 /* MessageView.swift */,
				C11A61512472A6D4005FAF94 /* ChatView.swift */,
			);
			path = Views;
			sourceTree = "<group>";
		};
		C11A61572472B4F7005FAF94 /* Extensions */ = {
			isa = PBXGroup;
			children = (
				C11A61582472B506005FAF94 /* View+Helpers.swift */,
			);
			path = Extensions;
			sourceTree = "<group>";
		};
		C11A616024756135005FAF94 /* TypeSelect */ = {
			isa = PBXGroup;
			children = (
				C11A61612475615F005FAF94 /* ChatTypeView.swift */,
			);
			path = TypeSelect;
			sourceTree = "<group>";
		};
/* End PBXGroup section */

/* Begin PBXNativeTarget section */
		C11A6129246FD9AA005FAF94 /* BuddyChat */ = {
			isa = PBXNativeTarget;
			buildConfigurationList = C11A613E246FD9AC005FAF94 /* Build configuration list for PBXNativeTarget "BuddyChat" */;
			buildPhases = (
				C11A6126246FD9AA005FAF94 /* Sources */,
				C11A6127246FD9AA005FAF94 /* Frameworks */,
				C11A6128246FD9AA005FAF94 /* Resources */,
			);
			buildRules = (
			);
			dependencies = (
			);
			name = BuddyChat;
			productName = BuddyChat;
			productReference = C11A612A246FD9AA005FAF94 /* BuddyChat.app */;
			productType = "com.apple.product-type.application";
		};
/* End PBXNativeTarget section */

/* Begin PBXProject section */
		C11A6122246FD9AA005FAF94 /* Project object */ = {
			isa = PBXProject;
			attributes = {
				LastSwiftUpdateCheck = 1140;
				LastUpgradeCheck = 1140;
				ORGANIZATIONNAME = "Andrei Busuioc";
				TargetAttributes = {
					C11A6129246FD9AA005FAF94 = {
						CreatedOnToolsVersion = 11.4.1;
					};
				};
			};
			buildConfigurationList = C11A6125246FD9AA005FAF94 /* Build configuration list for PBXProject "BuddyChat" */;
			compatibilityVersion = "Xcode 9.3";
			developmentRegion = en;
			hasScannedForEncodings = 0;
			knownRegions = (
				en,
				Base,
			);
			mainGroup = C11A6121246FD9AA005FAF94;
			productRefGroup = C11A612B246FD9AA005FAF94 /* Products */;
			projectDirPath = "";
			projectRoot = "";
			targets = (
				C11A6129246FD9AA005FAF94 /* BuddyChat */,
			);
		};
/* End PBXProject section */

/* Begin PBXResourcesBuildPhase section */
		C11A6128246FD9AA005FAF94 /* Resources */ = {
			isa = PBXResourcesBuildPhase;
			buildActionMask = 2147483647;
			files = (
				C11A613A246FD9AC005FAF94 /* LaunchScreen.storyboard in Resources */,
				C11A6137246FD9AC005FAF94 /* Preview Assets.xcassets in Resources */,
				C11A6134246FD9AC005FAF94 /* Assets.xcassets in Resources */,
			);
			runOnlyForDeploymentPostprocessing = 0;
		};
/* End PBXResourcesBuildPhase section */

/* Begin PBXSourcesBuildPhase section */
		C11A6126246FD9AA005FAF94 /* Sources */ = {
			isa = PBXSourcesBuildPhase;
			buildActionMask = 2147483647;
			files = (
				C11A614D2472A3D3005FAF94 /* MessageView.swift in Sources */,
				C11A61592472B506005FAF94 /* View+Helpers.swift in Sources */,
				C11A612E246FD9AA005FAF94 /* AppDelegate.swift in Sources */,
				C11A6148246FF9D8005FAF94 /* MultipeerComunicationService.swift in Sources */,
				C11A6130246FD9AA005FAF94 /* SceneDelegate.swift in Sources */,
				C11A61522472A6D4005FAF94 /* ChatView.swift in Sources */,
				C11A6143246FEC65005FAF94 /* ComunicationService.swift in Sources */,
				C11A61562472A814005FAF94 /* ChatViewModel.swift in Sources */,
				C11A615F247550F6005FAF94 /* BLECentralComunicationService.swift in Sources */,
				C11A615B2475492D005FAF94 /* BLEPeripheralComunicationService.swift in Sources */,
				C11A61622475615F005FAF94 /* ChatTypeView.swift in Sources */,
				C11A61502472A439005FAF94 /* Message.swift in Sources */,
			);
			runOnlyForDeploymentPostprocessing = 0;
		};
/* End PBXSourcesBuildPhase section */

/* Begin PBXVariantGroup section */
		C11A6138246FD9AC005FAF94 /* LaunchScreen.storyboard */ = {
			isa = PBXVariantGroup;
			children = (
				C11A6139246FD9AC005FAF94 /* Base */,
			);
			name = LaunchScreen.storyboard;
			sourceTree = "<group>";
		};
/* End PBXVariantGroup section */

/* Begin XCBuildConfiguration section */
		C11A613C246FD9AC005FAF94 /* Debug */ = {
			isa = XCBuildConfiguration;
			buildSettings = {
				ALWAYS_SEARCH_USER_PATHS = NO;
				CLANG_ANALYZER_NONNULL = YES;
				CLANG_ANALYZER_NUMBER_OBJECT_CONVERSION = YES_AGGRESSIVE;
				CLANG_CXX_LANGUAGE_STANDARD = "gnu++14";
				CLANG_CXX_LIBRARY = "libc++";
				CLANG_ENABLE_MODULES = YES;
				CLANG_ENABLE_OBJC_ARC = YES;
				CLANG_ENABLE_OBJC_WEAK = YES;
				CLANG_WARN_BLOCK_CAPTURE_AUTORELEASING = YES;
				CLANG_WARN_BOOL_CONVERSION = YES;
				CLANG_WARN_COMMA = YES;
				CLANG_WARN_CONSTANT_CONVERSION = YES;
				CLANG_WARN_DEPRECATED_OBJC_IMPLEMENTATIONS = YES;
				CLANG_WARN_DIRECT_OBJC_ISA_USAGE = YES_ERROR;
				CLANG_WARN_DOCUMENTATION_COMMENTS = YES;
				CLANG_WARN_EMPTY_BODY = YES;
				CLANG_WARN_ENUM_CONVERSION = YES;
				CLANG_WARN_INFINITE_RECURSION = YES;
				CLANG_WARN_INT_CONVERSION = YES;
				CLANG_WARN_NON_LITERAL_NULL_CONVERSION = YES;
				CLANG_WARN_OBJC_IMPLICIT_RETAIN_SELF = YES;
				CLANG_WARN_OBJC_LITERAL_CONVERSION = YES;
				CLANG_WARN_OBJC_ROOT_CLASS = YES_ERROR;
				CLANG_WARN_RANGE_LOOP_ANALYSIS = YES;
				CLANG_WARN_STRICT_PROTOTYPES = YES;
				CLANG_WARN_SUSPICIOUS_MOVE = YES;
				CLANG_WARN_UNGUARDED_AVAILABILITY = YES_AGGRESSIVE;
				CLANG_WARN_UNREACHABLE_CODE = YES;
				CLANG_WARN__DUPLICATE_METHOD_MATCH = YES;
				COPY_PHASE_STRIP = NO;
				DEBUG_INFORMATION_FORMAT = dwarf;
				ENABLE_STRICT_OBJC_MSGSEND = YES;
				ENABLE_TESTABILITY = YES;
				GCC_C_LANGUAGE_STANDARD = gnu11;
				GCC_DYNAMIC_NO_PIC = NO;
				GCC_NO_COMMON_BLOCKS = YES;
				GCC_OPTIMIZATION_LEVEL = 0;
				GCC_PREPROCESSOR_DEFINITIONS = (
					"DEBUG=1",
					"$(inherited)",
				);
				GCC_WARN_64_TO_32_BIT_CONVERSION = YES;
				GCC_WARN_ABOUT_RETURN_TYPE = YES_ERROR;
				GCC_WARN_UNDECLARED_SELECTOR = YES;
				GCC_WARN_UNINITIALIZED_AUTOS = YES_AGGRESSIVE;
				GCC_WARN_UNUSED_FUNCTION = YES;
				GCC_WARN_UNUSED_VARIABLE = YES;
				IPHONEOS_DEPLOYMENT_TARGET = 13.4;
				MTL_ENABLE_DEBUG_INFO = INCLUDE_SOURCE;
				MTL_FAST_MATH = YES;
				ONLY_ACTIVE_ARCH = YES;
				SDKROOT = iphoneos;
				SWIFT_ACTIVE_COMPILATION_CONDITIONS = DEBUG;
				SWIFT_OPTIMIZATION_LEVEL = "-Onone";
			};
			name = Debug;
		};
		C11A613D246FD9AC005FAF94 /* Release */ = {
			isa = XCBuildConfiguration;
			buildSettings = {
				ALWAYS_SEARCH_USER_PATHS = NO;
				CLANG_ANALYZER_NONNULL = YES;
				CLANG_ANALYZER_NUMBER_OBJECT_CONVERSION = YES_AGGRESSIVE;
				CLANG_CXX_LANGUAGE_STANDARD = "gnu++14";
				CLANG_CXX_LIBRARY = "libc++";
				CLANG_ENABLE_MODULES = YES;
				CLANG_ENABLE_OBJC_ARC = YES;
				CLANG_ENABLE_OBJC_WEAK = YES;
				CLANG_WARN_BLOCK_CAPTURE_AUTORELEASING = YES;
				CLANG_WARN_BOOL_CONVERSION = YES;
				CLANG_WARN_COMMA = YES;
				CLANG_WARN_CONSTANT_CONVERSION = YES;
				CLANG_WARN_DEPRECATED_OBJC_IMPLEMENTATIONS = YES;
				CLANG_WARN_DIRECT_OBJC_ISA_USAGE = YES_ERROR;
				CLANG_WARN_DOCUMENTATION_COMMENTS = YES;
				CLANG_WARN_EMPTY_BODY = YES;
				CLANG_WARN_ENUM_CONVERSION = YES;
				CLANG_WARN_INFINITE_RECURSION = YES;
				CLANG_WARN_INT_CONVERSION = YES;
				CLANG_WARN_NON_LITERAL_NULL_CONVERSION = YES;
				CLANG_WARN_OBJC_IMPLICIT_RETAIN_SELF = YES;
				CLANG_WARN_OBJC_LITERAL_CONVERSION = YES;
				CLANG_WARN_OBJC_ROOT_CLASS = YES_ERROR;
				CLANG_WARN_RANGE_LOOP_ANALYSIS = YES;
				CLANG_WARN_STRICT_PROTOTYPES = YES;
				CLANG_WARN_SUSPICIOUS_MOVE = YES;
				CLANG_WARN_UNGUARDED_AVAILABILITY = YES_AGGRESSIVE;
				CLANG_WARN_UNREACHABLE_CODE = YES;
				CLANG_WARN__DUPLICATE_METHOD_MATCH = YES;
				COPY_PHASE_STRIP = NO;
				DEBUG_INFORMATION_FORMAT = "dwarf-with-dsym";
				ENABLE_NS_ASSERTIONS = NO;
				ENABLE_STRICT_OBJC_MSGSEND = YES;
				GCC_C_LANGUAGE_STANDARD = gnu11;
				GCC_NO_COMMON_BLOCKS = YES;
				GCC_WARN_64_TO_32_BIT_CONVERSION = YES;
				GCC_WARN_ABOUT_RETURN_TYPE = YES_ERROR;
				GCC_WARN_UNDECLARED_SELECTOR = YES;
				GCC_WARN_UNINITIALIZED_AUTOS = YES_AGGRESSIVE;
				GCC_WARN_UNUSED_FUNCTION = YES;
				GCC_WARN_UNUSED_VARIABLE = YES;
				IPHONEOS_DEPLOYMENT_TARGET = 13.4;
				MTL_ENABLE_DEBUG_INFO = NO;
				MTL_FAST_MATH = YES;
				SDKROOT = iphoneos;
				SWIFT_COMPILATION_MODE = wholemodule;
				SWIFT_OPTIMIZATION_LEVEL = "-O";
				VALIDATE_PRODUCT = YES;
			};
			name = Release;
		};
		C11A613F246FD9AC005FAF94 /* Debug */ = {
			isa = XCBuildConfiguration;
			buildSettings = {
				ASSETCATALOG_COMPILER_APPICON_NAME = AppIcon;
				CODE_SIGN_STYLE = Automatic;
				DEVELOPMENT_ASSET_PATHS = "\"BuddyChat/Preview Content\"";
				DEVELOPMENT_TEAM = 88P9HXYC2A;
				ENABLE_PREVIEWS = YES;
				INFOPLIST_FILE = BuddyChat/Info.plist;
				LD_RUNPATH_SEARCH_PATHS = (
					"$(inherited)",
					"@executable_path/Frameworks",
				);
				PRODUCT_BUNDLE_IDENTIFIER = com.andrei.home.BuddyChat;
				PRODUCT_NAME = "$(TARGET_NAME)";
				SWIFT_VERSION = 5.0;
				TARGETED_DEVICE_FAMILY = "1,2";
			};
			name = Debug;
		};
		C11A6140246FD9AC005FAF94 /* Release */ = {
			isa = XCBuildConfiguration;
			buildSettings = {
				ASSETCATALOG_COMPILER_APPICON_NAME = AppIcon;
				CODE_SIGN_STYLE = Automatic;
				DEVELOPMENT_ASSET_PATHS = "\"BuddyChat/Preview Content\"";
				DEVELOPMENT_TEAM = 88P9HXYC2A;
				ENABLE_PREVIEWS = YES;
				INFOPLIST_FILE = BuddyChat/Info.plist;
				LD_RUNPATH_SEARCH_PATHS = (
					"$(inherited)",
					"@executable_path/Frameworks",
				);
				PRODUCT_BUNDLE_IDENTIFIER = com.andrei.home.BuddyChat;
				PRODUCT_NAME = "$(TARGET_NAME)";
				SWIFT_VERSION = 5.0;
				TARGETED_DEVICE_FAMILY = "1,2";
			};
			name = Release;
		};
/* End XCBuildConfiguration section */

/* Begin XCConfigurationList section */
		C11A6125246FD9AA005FAF94 /* Build configuration list for PBXProject "BuddyChat" */ = {
			isa = XCConfigurationList;
			buildConfigurations = (
				C11A613C246FD9AC005FAF94 /* Debug */,
				C11A613D246FD9AC005FAF94 /* Release */,
			);
			defaultConfigurationIsVisible = 0;
			defaultConfigurationName = Release;
		};
		C11A613E246FD9AC005FAF94 /* Build configuration list for PBXNativeTarget "BuddyChat" */ = {
			isa = XCConfigurationList;
			buildConfigurations = (
				C11A613F246FD9AC005FAF94 /* Debug */,
				C11A6140246FD9AC005FAF94 /* Release */,
			);
			defaultConfigurationIsVisible = 0;
			defaultConfigurationName = Release;
		};
/* End XCConfigurationList section */
	};
	rootObject = C11A6122246FD9AA005FAF94 /* Project object */;
}
